<Solution>
  <Project Path="src/Zara.Core/Zara.Core.csproj" />
  <Project Path="src/Zara.Application/Zara.Application.csproj" />
  <Project Path="src/Zara.Infrastructure.Windows/Zara.Infrastructure.Windows.csproj" />
  <Project Path="src/Zara.Desktop/Zara.Desktop.csproj" />
  <Project Path="tests/Zara.Core.Tests/Zara.Core.Tests.csproj" />
  <Project Path="tests/Zara.Application.Tests/Zara.Application.Tests.csproj" />
  <Project Path="tests/Zara.Infrastructure.Windows.Tests/Zara.Infrastructure.Windows.Tests.csproj" />
</Solution>
